version = 1
revision = 3
requires-python = ">=3.13"

[[package]]
name = "scheduler"
version = "0.1.0"
source = { virtual = "." }
dependencies = [
    { name = "sh" },
]

[package.metadata]
requires-dist = [{ name = "sh", specifier = ">=2.2.2" }]

[[package]]
name = "sh"
version = "2.2.2"
source = { registry = "https://pypi.org/simple" }
sdist = { url = "https://files.pythonhosted.org/packages/59/52/f43920223c93e31874677c681b8603d36a40d3d8502d3a37f80d3995d43e/sh-2.2.2.tar.gz", hash = "sha256:653227a7c41a284ec5302173fbc044ee817c7bad5e6e4d8d55741b9aeb9eb65b", size = 345866, upload-time = "2025-02-24T07:16:25.363Z" }
wheels = [
    { url = "https://files.pythonhosted.org/packages/70/98/d82f14ac7ffedbd38dfa2383f142b26d18d23ca6cf35a40f4af60df666bd/sh-2.2.2-py3-none-any.whl", hash = "sha256:e0b15b4ae8ffcd399bc8ffddcbd770a43c7a70a24b16773fbb34c001ad5d52af", size = 38295, upload-time = "2025-02-24T07:16:23.782Z" },
]
